
Microsoft Visual Studio Solution File, Format Version 12.00
# Visual Studio 2012
Project("{FAE04EC0-301F-11D3-BF4B-00C04F79EFBC}") = "11016", "11016\11016.csproj", "{3FBAE300-9786-4703-8AB3-D9D2ABF89AE8}"
EndProject
Global
	GlobalSection(SolutionConfigurationPlatforms) = preSolution
		Debug|Any CPU = Debug|Any CPU
		Release|Any CPU = Release|Any CPU
	EndGlobalSection
	GlobalSection(ProjectConfigurationPlatforms) = postSolution
		{3FBAE300-9786-4703-8AB3-D9D2ABF89AE8}.Debug|Any CPU.ActiveCfg = Debug|Any CPU
		{3FBAE300-9786-4703-8AB3-D9D2ABF89AE8}.Debug|Any CPU.Build.0 = Debug|Any CPU
		{3FBAE300-9786-4703-8AB3-D9D2ABF89AE8}.Release|Any CPU.ActiveCfg = Release|Any CPU
		{3FBAE300-9786-4703-8AB3-D9D2ABF89AE8}.Release|Any CPU.Build.0 = Release|Any CPU
	EndGlobalSection
	GlobalSection(SolutionProperties) = preSolution
		HideSolutionNode = FALSE
	EndGlobalSection
EndGlobal
