
Microsoft Visual Studio Solution File, Format Version 12.00
# Visual Studio 2012
Project("{FAE04EC0-301F-11D3-BF4B-00C04F79EFBC}") = "11016", "11016\11016.csproj", "{3FBAE300-9786-4703-8AB3-D9D2ABF89AE8}"
EndProject
Project("{FAE04EC0-301F-11D3-BF4B-00C04F79EFBC}") = "60000", "60000\60000.csproj", "{C8E6C312-EB74-4C1B-A015-2AB53863E0A0}"
EndProject
Project("{FAE04EC0-301F-11D3-BF4B-00C04F79EFBC}") = "12005", "12005\12005.csproj", "{246CBAEF-57A2-499A-98ED-F43468091ED5}"
EndProject
Project("{FAE04EC0-301F-11D3-BF4B-00C04F79EFBC}") = "13051", "ClassLibrary1\13051.csproj", "{6962198C-F437-459D-949A-0CEAB6B96F77}"
EndProject
Project("{FAE04EC0-301F-11D3-BF4B-00C04F79EFBC}") = "ClassLibrary2", "ClassLibrary2\ClassLibrary2.csproj", "{DF343EDF-CB83-4A06-977D-36DB80032285}"
EndProject
Project("{FAE04EC0-301F-11D3-BF4B-00C04F79EFBC}") = "13050", "13050\13050.csproj", "{0558706C-17E5-432F-A7FF-CA52BF7F717C}"
EndProject
Project("{FAE04EC0-301F-11D3-BF4B-00C04F79EFBC}") = "10070", "10070\10070.csproj", "{03AFEE8C-54BF-40AC-A1E0-5328A5D645D4}"
EndProject
Project("{FAE04EC0-301F-11D3-BF4B-00C04F79EFBC}") = "10000", "10000\10000.csproj", "{1CA6AAE9-D0F3-4C4C-B2CA-AC9E614AD371}"
EndProject
Project("{FAE04EC0-301F-11D3-BF4B-00C04F79EFBC}") = "10001", "10001\10001.csproj", "{3416876C-0A0C-4AC2-859A-648EFD6C3985}"
EndProject
Project("{FAE04EC0-301F-11D3-BF4B-00C04F79EFBC}") = "10002", "10002\10002.csproj", "{B0BD9311-2FFD-4069-8B89-970190045971}"
EndProject
Project("{FAE04EC0-301F-11D3-BF4B-00C04F79EFBC}") = "10003", "10003\10003.csproj", "{887E14DC-58FC-447C-A142-756707443491}"
EndProject
Project("{FAE04EC0-301F-11D3-BF4B-00C04F79EFBC}") = "10004", "10004\10004.csproj", "{8E793BCD-C63E-4710-A830-FD770F7E09D6}"
EndProject
Project("{FAE04EC0-301F-11D3-BF4B-00C04F79EFBC}") = "10005", "10005\10005.csproj", "{BEE75760-5023-410D-B619-F7B726BAA2A4}"
EndProject
Project("{FAE04EC0-301F-11D3-BF4B-00C04F79EFBC}") = "wlo.pserver.core", "..\..\..\Documents\Projects\Wonderland-Private-Server\wlo.pserver.core\wlo.pserver.core.csproj", "{D549AF04-F847-4474-819F-64BB1C09D90D}"
EndProject
Project("{2150E333-8FDC-42A3-9474-1A3956D46DE8}") = ".nuget", ".nuget", "{8B87DFE5-63D9-40E5-893E-9CA8ACF9558A}"
	ProjectSection(SolutionItems) = preProject
		.nuget\NuGet.Config = .nuget\NuGet.Config
		.nuget\NuGet.exe = .nuget\NuGet.exe
		.nuget\NuGet.targets = .nuget\NuGet.targets
	EndProjectSection
EndProject
Global
	GlobalSection(SolutionConfigurationPlatforms) = preSolution
		Debug|Any CPU = Debug|Any CPU
		Release|Any CPU = Release|Any CPU
	EndGlobalSection
	GlobalSection(ProjectConfigurationPlatforms) = postSolution
		{3FBAE300-9786-4703-8AB3-D9D2ABF89AE8}.Debug|Any CPU.ActiveCfg = Debug|Any CPU
		{3FBAE300-9786-4703-8AB3-D9D2ABF89AE8}.Debug|Any CPU.Build.0 = Debug|Any CPU
		{3FBAE300-9786-4703-8AB3-D9D2ABF89AE8}.Release|Any CPU.ActiveCfg = Release|Any CPU
		{3FBAE300-9786-4703-8AB3-D9D2ABF89AE8}.Release|Any CPU.Build.0 = Release|Any CPU
		{C8E6C312-EB74-4C1B-A015-2AB53863E0A0}.Debug|Any CPU.ActiveCfg = Debug|Any CPU
		{C8E6C312-EB74-4C1B-A015-2AB53863E0A0}.Debug|Any CPU.Build.0 = Debug|Any CPU
		{C8E6C312-EB74-4C1B-A015-2AB53863E0A0}.Release|Any CPU.ActiveCfg = Release|Any CPU
		{C8E6C312-EB74-4C1B-A015-2AB53863E0A0}.Release|Any CPU.Build.0 = Release|Any CPU
		{246CBAEF-57A2-499A-98ED-F43468091ED5}.Debug|Any CPU.ActiveCfg = Debug|Any CPU
		{246CBAEF-57A2-499A-98ED-F43468091ED5}.Debug|Any CPU.Build.0 = Debug|Any CPU
		{246CBAEF-57A2-499A-98ED-F43468091ED5}.Release|Any CPU.ActiveCfg = Release|Any CPU
		{246CBAEF-57A2-499A-98ED-F43468091ED5}.Release|Any CPU.Build.0 = Release|Any CPU
		{6962198C-F437-459D-949A-0CEAB6B96F77}.Debug|Any CPU.ActiveCfg = Debug|Any CPU
		{6962198C-F437-459D-949A-0CEAB6B96F77}.Debug|Any CPU.Build.0 = Debug|Any CPU
		{6962198C-F437-459D-949A-0CEAB6B96F77}.Release|Any CPU.ActiveCfg = Release|Any CPU
		{6962198C-F437-459D-949A-0CEAB6B96F77}.Release|Any CPU.Build.0 = Release|Any CPU
		{DF343EDF-CB83-4A06-977D-36DB80032285}.Debug|Any CPU.ActiveCfg = Debug|Any CPU
		{DF343EDF-CB83-4A06-977D-36DB80032285}.Debug|Any CPU.Build.0 = Debug|Any CPU
		{DF343EDF-CB83-4A06-977D-36DB80032285}.Release|Any CPU.ActiveCfg = Release|Any CPU
		{DF343EDF-CB83-4A06-977D-36DB80032285}.Release|Any CPU.Build.0 = Release|Any CPU
		{0558706C-17E5-432F-A7FF-CA52BF7F717C}.Debug|Any CPU.ActiveCfg = Debug|Any CPU
		{0558706C-17E5-432F-A7FF-CA52BF7F717C}.Debug|Any CPU.Build.0 = Debug|Any CPU
		{0558706C-17E5-432F-A7FF-CA52BF7F717C}.Release|Any CPU.ActiveCfg = Release|Any CPU
		{0558706C-17E5-432F-A7FF-CA52BF7F717C}.Release|Any CPU.Build.0 = Release|Any CPU
		{03AFEE8C-54BF-40AC-A1E0-5328A5D645D4}.Debug|Any CPU.ActiveCfg = Debug|Any CPU
		{03AFEE8C-54BF-40AC-A1E0-5328A5D645D4}.Debug|Any CPU.Build.0 = Debug|Any CPU
		{03AFEE8C-54BF-40AC-A1E0-5328A5D645D4}.Release|Any CPU.ActiveCfg = Release|Any CPU
		{03AFEE8C-54BF-40AC-A1E0-5328A5D645D4}.Release|Any CPU.Build.0 = Release|Any CPU
		{1CA6AAE9-D0F3-4C4C-B2CA-AC9E614AD371}.Debug|Any CPU.ActiveCfg = Debug|Any CPU
		{1CA6AAE9-D0F3-4C4C-B2CA-AC9E614AD371}.Debug|Any CPU.Build.0 = Debug|Any CPU
		{1CA6AAE9-D0F3-4C4C-B2CA-AC9E614AD371}.Release|Any CPU.ActiveCfg = Release|Any CPU
		{1CA6AAE9-D0F3-4C4C-B2CA-AC9E614AD371}.Release|Any CPU.Build.0 = Release|Any CPU
		{3416876C-0A0C-4AC2-859A-648EFD6C3985}.Debug|Any CPU.ActiveCfg = Debug|Any CPU
		{3416876C-0A0C-4AC2-859A-648EFD6C3985}.Debug|Any CPU.Build.0 = Debug|Any CPU
		{3416876C-0A0C-4AC2-859A-648EFD6C3985}.Release|Any CPU.ActiveCfg = Release|Any CPU
		{3416876C-0A0C-4AC2-859A-648EFD6C3985}.Release|Any CPU.Build.0 = Release|Any CPU
		{B0BD9311-2FFD-4069-8B89-970190045971}.Debug|Any CPU.ActiveCfg = Debug|Any CPU
		{B0BD9311-2FFD-4069-8B89-970190045971}.Debug|Any CPU.Build.0 = Debug|Any CPU
		{B0BD9311-2FFD-4069-8B89-970190045971}.Release|Any CPU.ActiveCfg = Release|Any CPU
		{B0BD9311-2FFD-4069-8B89-970190045971}.Release|Any CPU.Build.0 = Release|Any CPU
		{887E14DC-58FC-447C-A142-756707443491}.Debug|Any CPU.ActiveCfg = Debug|Any CPU
		{887E14DC-58FC-447C-A142-756707443491}.Debug|Any CPU.Build.0 = Debug|Any CPU
		{887E14DC-58FC-447C-A142-756707443491}.Release|Any CPU.ActiveCfg = Release|Any CPU
		{887E14DC-58FC-447C-A142-756707443491}.Release|Any CPU.Build.0 = Release|Any CPU
		{8E793BCD-C63E-4710-A830-FD770F7E09D6}.Debug|Any CPU.ActiveCfg = Debug|Any CPU
		{8E793BCD-C63E-4710-A830-FD770F7E09D6}.Debug|Any CPU.Build.0 = Debug|Any CPU
		{8E793BCD-C63E-4710-A830-FD770F7E09D6}.Release|Any CPU.ActiveCfg = Release|Any CPU
		{8E793BCD-C63E-4710-A830-FD770F7E09D6}.Release|Any CPU.Build.0 = Release|Any CPU
		{BEE75760-5023-410D-B619-F7B726BAA2A4}.Debug|Any CPU.ActiveCfg = Debug|Any CPU
		{BEE75760-5023-410D-B619-F7B726BAA2A4}.Debug|Any CPU.Build.0 = Debug|Any CPU
		{BEE75760-5023-410D-B619-F7B726BAA2A4}.Release|Any CPU.ActiveCfg = Release|Any CPU
		{BEE75760-5023-410D-B619-F7B726BAA2A4}.Release|Any CPU.Build.0 = Release|Any CPU
		{D549AF04-F847-4474-819F-64BB1C09D90D}.Debug|Any CPU.ActiveCfg = Debug|Any CPU
		{D549AF04-F847-4474-819F-64BB1C09D90D}.Debug|Any CPU.Build.0 = Debug|Any CPU
		{D549AF04-F847-4474-819F-64BB1C09D90D}.Release|Any CPU.ActiveCfg = Release|Any CPU
		{D549AF04-F847-4474-819F-64BB1C09D90D}.Release|Any CPU.Build.0 = Release|Any CPU
	EndGlobalSection
	GlobalSection(SolutionProperties) = preSolution
		HideSolutionNode = FALSE
	EndGlobalSection
EndGlobal
