
Microsoft Visual Studio Solution File, Format Version 12.00
# Visual Studio 14
VisualStudioVersion = 14.0.23107.0
MinimumVisualStudioVersion = 10.0.40219.1
Project("{FAE04EC0-301F-11D3-BF4B-00C04F79EFBC}") = "11016", "11016\11016.csproj", "{3FBAE300-9786-4703-8AB3-D9D2ABF89AE8}"
EndProject
Project("{FAE04EC0-301F-11D3-BF4B-00C04F79EFBC}") = "60000", "60000\60000.csproj", "{C8E6C312-EB74-4C1B-A015-2AB53863E0A0}"
EndProject
Project("{FAE04EC0-301F-11D3-BF4B-00C04F79EFBC}") = "12005", "12005\12005.csproj", "{246CBAEF-57A2-499A-98ED-F43468091ED5}"
EndProject
Project("{FAE04EC0-301F-11D3-BF4B-00C04F79EFBC}") = "13051", "ClassLibrary1\13051.csproj", "{6962198C-F437-459D-949A-0CEAB6B96F77}"
EndProject
Project("{FAE04EC0-301F-11D3-BF4B-00C04F79EFBC}") = "12000", "ClassLibrary2\12000.csproj", "{DF343EDF-CB83-4A06-977D-36DB80032285}"
EndProject
Project("{FAE04EC0-301F-11D3-BF4B-00C04F79EFBC}") = "13050", "13050\13050.csproj", "{0558706C-17E5-432F-A7FF-CA52BF7F717C}"
EndProject
Project("{FAE04EC0-301F-11D3-BF4B-00C04F79EFBC}") = "10070", "10070\10070.csproj", "{03AFEE8C-54BF-40AC-A1E0-5328A5D645D4}"
EndProject
Project("{FAE04EC0-301F-11D3-BF4B-00C04F79EFBC}") = "10000", "10000\10000.csproj", "{1CA6AAE9-D0F3-4C4C-B2CA-AC9E614AD371}"
EndProject
Project("{FAE04EC0-301F-11D3-BF4B-00C04F79EFBC}") = "10001", "10001\10001.csproj", "{3416876C-0A0C-4AC2-859A-648EFD6C3985}"
EndProject
Project("{FAE04EC0-301F-11D3-BF4B-00C04F79EFBC}") = "10002", "10002\10002.csproj", "{B0BD9311-2FFD-4069-8B89-970190045971}"
EndProject
Project("{FAE04EC0-301F-11D3-BF4B-00C04F79EFBC}") = "10003", "10003\10003.csproj", "{887E14DC-58FC-447C-A142-756707443491}"
EndProject
Project("{FAE04EC0-301F-11D3-BF4B-00C04F79EFBC}") = "10004", "10004\10004.csproj", "{8E793BCD-C63E-4710-A830-FD770F7E09D6}"
EndProject
Project("{FAE04EC0-301F-11D3-BF4B-00C04F79EFBC}") = "10005", "10005\10005.csproj", "{BEE75760-5023-410D-B619-F7B726BAA2A4}"
EndProject
Project("{FAE04EC0-301F-11D3-BF4B-00C04F79EFBC}") = "10006", "10006\10006.csproj", "{9C847D13-4156-4DAD-B152-CA70EF535947}"
EndProject
Project("{FAE04EC0-301F-11D3-BF4B-00C04F79EFBC}") = "10007", "10007\10007.csproj", "{997D0B02-C3FF-4C2C-A1BA-A5FEB06BC656}"
EndProject
Project("{FAE04EC0-301F-11D3-BF4B-00C04F79EFBC}") = "10008", "10008\10008.csproj", "{C48E5F00-F598-4744-8D4E-C9AF4686F7BF}"
EndProject
Project("{FAE04EC0-301F-11D3-BF4B-00C04F79EFBC}") = "10009", "10009\10009.csproj", "{55D7A2B9-E450-49D9-837C-1EB48F760290}"
EndProject
Project("{FAE04EC0-301F-11D3-BF4B-00C04F79EFBC}") = "10011", "10010\10011.csproj", "{102EB05E-247D-43CB-9CA8-C453C635A079}"
EndProject
Project("{FAE04EC0-301F-11D3-BF4B-00C04F79EFBC}") = "10012", "10012\10012.csproj", "{C3C239B0-2449-44D1-B1FA-FCA118C1D9A8}"
EndProject
Project("{FAE04EC0-301F-11D3-BF4B-00C04F79EFBC}") = "10013", "10013\10013.csproj", "{42A73FE0-7F65-4F5B-A45A-D0292C611FE9}"
EndProject
Project("{FAE04EC0-301F-11D3-BF4B-00C04F79EFBC}") = "10014", "10014\10014.csproj", "{E6A09D91-B594-433B-9953-22987E233BB7}"
EndProject
Project("{FAE04EC0-301F-11D3-BF4B-00C04F79EFBC}") = "10015", "10015\10015.csproj", "{35D88D2E-A5F8-4A1F-A4AD-268F8B8A9B35}"
EndProject
Project("{FAE04EC0-301F-11D3-BF4B-00C04F79EFBC}") = "10016", "10016\10016.csproj", "{1AF8A08A-4707-40E0-86F4-F26A7AEBCC8A}"
EndProject
Project("{FAE04EC0-301F-11D3-BF4B-00C04F79EFBC}") = "10017", "10017\10017.csproj", "{12FDE1B8-0474-45E3-A8F8-04A9650F4FCF}"
EndProject
Project("{FAE04EC0-301F-11D3-BF4B-00C04F79EFBC}") = "10018", "10018\10018.csproj", "{6E89BDF2-34A8-419B-BDCF-60E4F904631D}"
EndProject
Project("{FAE04EC0-301F-11D3-BF4B-00C04F79EFBC}") = "10019", "10019\10019.csproj", "{79B75CD8-916B-4C92-BA81-3303F7045900}"
EndProject
Project("{FAE04EC0-301F-11D3-BF4B-00C04F79EFBC}") = "10020", "10020\10020.csproj", "{8C281F2E-92F3-4E2A-9A29-062BE126954A}"
EndProject
Project("{FAE04EC0-301F-11D3-BF4B-00C04F79EFBC}") = "10021", "10021\10021.csproj", "{13A52D41-F5D0-4E02-83A2-ED86CA5A2866}"
EndProject
Project("{FAE04EC0-301F-11D3-BF4B-00C04F79EFBC}") = "10071", "10071\10071.csproj", "{438F2DD3-0231-4A5A-84A6-07D95AD0C66B}"
EndProject
Project("{FAE04EC0-301F-11D3-BF4B-00C04F79EFBC}") = "10072", "10072\10072.csproj", "{50870DFD-22EA-4F95-8805-BE8033D988FD}"
EndProject
Project("{FAE04EC0-301F-11D3-BF4B-00C04F79EFBC}") = "10073", "10073\10073.csproj", "{A1B31A11-7F99-4357-B3A6-04C998DE6886}"
EndProject
Project("{FAE04EC0-301F-11D3-BF4B-00C04F79EFBC}") = "10074", "10074\10074.csproj", "{4AA68C1E-BAB7-4E29-BDBA-12F3BF62F465}"
EndProject
Project("{FAE04EC0-301F-11D3-BF4B-00C04F79EFBC}") = "10075", "10075\10075.csproj", "{2BA93EAB-F71B-4AB3-BA81-214AFD2A574B}"
EndProject
Project("{FAE04EC0-301F-11D3-BF4B-00C04F79EFBC}") = "10077", "10077\10077.csproj", "{1A68891E-8A07-47CD-B9CA-C3CAAE29E721}"
EndProject
Project("{FAE04EC0-301F-11D3-BF4B-00C04F79EFBC}") = "10076", "10076\10076.csproj", "{5C472CC9-C38F-4FFA-A956-69508D4C5213}"
EndProject
Project("{FAE04EC0-301F-11D3-BF4B-00C04F79EFBC}") = "10078", "10078\10078.csproj", "{7696ED86-0F73-496A-B835-138363B07F41}"
EndProject
Project("{FAE04EC0-301F-11D3-BF4B-00C04F79EFBC}") = "10079", "10079\10079.csproj", "{03840A95-FDBD-4E80-AA92-73BA7DAD6A95}"
EndProject
Project("{FAE04EC0-301F-11D3-BF4B-00C04F79EFBC}") = "10080", "10080\10080.csproj", "{0FC2E567-2944-493C-897B-951D7107E2D0}"
EndProject
Project("{FAE04EC0-301F-11D3-BF4B-00C04F79EFBC}") = "10081", "10081\10081.csproj", "{EAFAF076-C584-4222-ABD5-6F26AB771AF1}"
EndProject
Project("{FAE04EC0-301F-11D3-BF4B-00C04F79EFBC}") = "10082", "10082\10082.csproj", "{816A53B8-4136-492E-A65D-BCACB3B53B27}"
EndProject
Project("{FAE04EC0-301F-11D3-BF4B-00C04F79EFBC}") = "10083", "10083\10083.csproj", "{7833F886-4ADE-42A6-B9A7-97D689AC4DB4}"
EndProject
Project("{FAE04EC0-301F-11D3-BF4B-00C04F79EFBC}") = "10084", "10084\10084.csproj", "{D41B2C2F-B56F-48FA-A6CC-BCC46C8BEB5F}"
EndProject
Project("{FAE04EC0-301F-11D3-BF4B-00C04F79EFBC}") = "10085", "10085\10085.csproj", "{F68E05F5-CC88-4399-A029-26A4DD200BEB}"
EndProject
Project("{FAE04EC0-301F-11D3-BF4B-00C04F79EFBC}") = "10086", "10086\10086.csproj", "{A818570F-7694-4706-9870-DA7AA4C31414}"
EndProject
Project("{FAE04EC0-301F-11D3-BF4B-00C04F79EFBC}") = "10087", "10087\10087.csproj", "{E36DE239-1E94-46F0-8DCA-82AE9A2F28A2}"
EndProject
Project("{FAE04EC0-301F-11D3-BF4B-00C04F79EFBC}") = "10088", "10088\10088.csproj", "{B95C3FD3-0FB6-4DAC-A3A8-7E084E336844}"
EndProject
Project("{FAE04EC0-301F-11D3-BF4B-00C04F79EFBC}") = "10095", "10089\10095.csproj", "{08BD37D3-6238-43B6-9B21-A364CAC7ECD7}"
EndProject
Project("{FAE04EC0-301F-11D3-BF4B-00C04F79EFBC}") = "10096", "10090\10096.csproj", "{340D6E7F-8197-4DA8-A4F1-42C6E5C0F543}"
EndProject
Project("{2150E333-8FDC-42A3-9474-1A3956D46DE8}") = "Solution Items", "Solution Items", "{EEF51982-EFDF-4423-9A1D-3876F1452B5E}"
	ProjectSection(SolutionItems) = preProject
		DLLS\log4net.dll = DLLS\log4net.dll
		DLLS\MySql.Data.dll = DLLS\MySql.Data.dll
		DLLS\PhoenixData.dll = DLLS\PhoenixData.dll
		DLLS\RCLibrary.dll = DLLS\RCLibrary.dll
		DLLS\System.Data.SQLite.dll = DLLS\System.Data.SQLite.dll
		DLLS\wlo.pserver.core.dll = DLLS\wlo.pserver.core.dll
	EndProjectSection
EndProject
Project("{FAE04EC0-301F-11D3-BF4B-00C04F79EFBC}") = "10022", "11022\10022.csproj", "{62D3AB1D-A0FE-434E-884A-890D868FA5FB}"
EndProject
Global
	GlobalSection(SolutionConfigurationPlatforms) = preSolution
		Debug|Any CPU = Debug|Any CPU
		Release|Any CPU = Release|Any CPU
	EndGlobalSection
	GlobalSection(ProjectConfigurationPlatforms) = postSolution
		{3FBAE300-9786-4703-8AB3-D9D2ABF89AE8}.Debug|Any CPU.ActiveCfg = Debug|Any CPU
		{3FBAE300-9786-4703-8AB3-D9D2ABF89AE8}.Debug|Any CPU.Build.0 = Debug|Any CPU
		{3FBAE300-9786-4703-8AB3-D9D2ABF89AE8}.Release|Any CPU.ActiveCfg = Release|Any CPU
		{3FBAE300-9786-4703-8AB3-D9D2ABF89AE8}.Release|Any CPU.Build.0 = Release|Any CPU
		{C8E6C312-EB74-4C1B-A015-2AB53863E0A0}.Debug|Any CPU.ActiveCfg = Debug|Any CPU
		{C8E6C312-EB74-4C1B-A015-2AB53863E0A0}.Debug|Any CPU.Build.0 = Debug|Any CPU
		{C8E6C312-EB74-4C1B-A015-2AB53863E0A0}.Release|Any CPU.ActiveCfg = Release|Any CPU
		{C8E6C312-EB74-4C1B-A015-2AB53863E0A0}.Release|Any CPU.Build.0 = Release|Any CPU
		{246CBAEF-57A2-499A-98ED-F43468091ED5}.Debug|Any CPU.ActiveCfg = Debug|Any CPU
		{246CBAEF-57A2-499A-98ED-F43468091ED5}.Debug|Any CPU.Build.0 = Debug|Any CPU
		{246CBAEF-57A2-499A-98ED-F43468091ED5}.Release|Any CPU.ActiveCfg = Release|Any CPU
		{246CBAEF-57A2-499A-98ED-F43468091ED5}.Release|Any CPU.Build.0 = Release|Any CPU
		{6962198C-F437-459D-949A-0CEAB6B96F77}.Debug|Any CPU.ActiveCfg = Debug|Any CPU
		{6962198C-F437-459D-949A-0CEAB6B96F77}.Debug|Any CPU.Build.0 = Debug|Any CPU
		{6962198C-F437-459D-949A-0CEAB6B96F77}.Release|Any CPU.ActiveCfg = Release|Any CPU
		{6962198C-F437-459D-949A-0CEAB6B96F77}.Release|Any CPU.Build.0 = Release|Any CPU
		{DF343EDF-CB83-4A06-977D-36DB80032285}.Debug|Any CPU.ActiveCfg = Debug|Any CPU
		{DF343EDF-CB83-4A06-977D-36DB80032285}.Debug|Any CPU.Build.0 = Debug|Any CPU
		{DF343EDF-CB83-4A06-977D-36DB80032285}.Release|Any CPU.ActiveCfg = Release|Any CPU
		{DF343EDF-CB83-4A06-977D-36DB80032285}.Release|Any CPU.Build.0 = Release|Any CPU
		{0558706C-17E5-432F-A7FF-CA52BF7F717C}.Debug|Any CPU.ActiveCfg = Debug|Any CPU
		{0558706C-17E5-432F-A7FF-CA52BF7F717C}.Debug|Any CPU.Build.0 = Debug|Any CPU
		{0558706C-17E5-432F-A7FF-CA52BF7F717C}.Release|Any CPU.ActiveCfg = Release|Any CPU
		{0558706C-17E5-432F-A7FF-CA52BF7F717C}.Release|Any CPU.Build.0 = Release|Any CPU
		{03AFEE8C-54BF-40AC-A1E0-5328A5D645D4}.Debug|Any CPU.ActiveCfg = Debug|Any CPU
		{03AFEE8C-54BF-40AC-A1E0-5328A5D645D4}.Debug|Any CPU.Build.0 = Debug|Any CPU
		{03AFEE8C-54BF-40AC-A1E0-5328A5D645D4}.Release|Any CPU.ActiveCfg = Release|Any CPU
		{03AFEE8C-54BF-40AC-A1E0-5328A5D645D4}.Release|Any CPU.Build.0 = Release|Any CPU
		{1CA6AAE9-D0F3-4C4C-B2CA-AC9E614AD371}.Debug|Any CPU.ActiveCfg = Debug|Any CPU
		{1CA6AAE9-D0F3-4C4C-B2CA-AC9E614AD371}.Debug|Any CPU.Build.0 = Debug|Any CPU
		{1CA6AAE9-D0F3-4C4C-B2CA-AC9E614AD371}.Release|Any CPU.ActiveCfg = Release|Any CPU
		{1CA6AAE9-D0F3-4C4C-B2CA-AC9E614AD371}.Release|Any CPU.Build.0 = Release|Any CPU
		{3416876C-0A0C-4AC2-859A-648EFD6C3985}.Debug|Any CPU.ActiveCfg = Debug|Any CPU
		{3416876C-0A0C-4AC2-859A-648EFD6C3985}.Debug|Any CPU.Build.0 = Debug|Any CPU
		{3416876C-0A0C-4AC2-859A-648EFD6C3985}.Release|Any CPU.ActiveCfg = Release|Any CPU
		{3416876C-0A0C-4AC2-859A-648EFD6C3985}.Release|Any CPU.Build.0 = Release|Any CPU
		{B0BD9311-2FFD-4069-8B89-970190045971}.Debug|Any CPU.ActiveCfg = Debug|Any CPU
		{B0BD9311-2FFD-4069-8B89-970190045971}.Debug|Any CPU.Build.0 = Debug|Any CPU
		{B0BD9311-2FFD-4069-8B89-970190045971}.Release|Any CPU.ActiveCfg = Release|Any CPU
		{B0BD9311-2FFD-4069-8B89-970190045971}.Release|Any CPU.Build.0 = Release|Any CPU
		{887E14DC-58FC-447C-A142-756707443491}.Debug|Any CPU.ActiveCfg = Debug|Any CPU
		{887E14DC-58FC-447C-A142-756707443491}.Debug|Any CPU.Build.0 = Debug|Any CPU
		{887E14DC-58FC-447C-A142-756707443491}.Release|Any CPU.ActiveCfg = Release|Any CPU
		{887E14DC-58FC-447C-A142-756707443491}.Release|Any CPU.Build.0 = Release|Any CPU
		{8E793BCD-C63E-4710-A830-FD770F7E09D6}.Debug|Any CPU.ActiveCfg = Debug|Any CPU
		{8E793BCD-C63E-4710-A830-FD770F7E09D6}.Debug|Any CPU.Build.0 = Debug|Any CPU
		{8E793BCD-C63E-4710-A830-FD770F7E09D6}.Release|Any CPU.ActiveCfg = Release|Any CPU
		{8E793BCD-C63E-4710-A830-FD770F7E09D6}.Release|Any CPU.Build.0 = Release|Any CPU
		{BEE75760-5023-410D-B619-F7B726BAA2A4}.Debug|Any CPU.ActiveCfg = Debug|Any CPU
		{BEE75760-5023-410D-B619-F7B726BAA2A4}.Debug|Any CPU.Build.0 = Debug|Any CPU
		{BEE75760-5023-410D-B619-F7B726BAA2A4}.Release|Any CPU.ActiveCfg = Release|Any CPU
		{BEE75760-5023-410D-B619-F7B726BAA2A4}.Release|Any CPU.Build.0 = Release|Any CPU
		{9C847D13-4156-4DAD-B152-CA70EF535947}.Debug|Any CPU.ActiveCfg = Debug|Any CPU
		{9C847D13-4156-4DAD-B152-CA70EF535947}.Debug|Any CPU.Build.0 = Debug|Any CPU
		{9C847D13-4156-4DAD-B152-CA70EF535947}.Release|Any CPU.ActiveCfg = Release|Any CPU
		{9C847D13-4156-4DAD-B152-CA70EF535947}.Release|Any CPU.Build.0 = Release|Any CPU
		{997D0B02-C3FF-4C2C-A1BA-A5FEB06BC656}.Debug|Any CPU.ActiveCfg = Debug|Any CPU
		{997D0B02-C3FF-4C2C-A1BA-A5FEB06BC656}.Debug|Any CPU.Build.0 = Debug|Any CPU
		{997D0B02-C3FF-4C2C-A1BA-A5FEB06BC656}.Release|Any CPU.ActiveCfg = Release|Any CPU
		{997D0B02-C3FF-4C2C-A1BA-A5FEB06BC656}.Release|Any CPU.Build.0 = Release|Any CPU
		{C48E5F00-F598-4744-8D4E-C9AF4686F7BF}.Debug|Any CPU.ActiveCfg = Debug|Any CPU
		{C48E5F00-F598-4744-8D4E-C9AF4686F7BF}.Debug|Any CPU.Build.0 = Debug|Any CPU
		{C48E5F00-F598-4744-8D4E-C9AF4686F7BF}.Release|Any CPU.ActiveCfg = Release|Any CPU
		{C48E5F00-F598-4744-8D4E-C9AF4686F7BF}.Release|Any CPU.Build.0 = Release|Any CPU
		{55D7A2B9-E450-49D9-837C-1EB48F760290}.Debug|Any CPU.ActiveCfg = Debug|Any CPU
		{55D7A2B9-E450-49D9-837C-1EB48F760290}.Debug|Any CPU.Build.0 = Debug|Any CPU
		{55D7A2B9-E450-49D9-837C-1EB48F760290}.Release|Any CPU.ActiveCfg = Release|Any CPU
		{55D7A2B9-E450-49D9-837C-1EB48F760290}.Release|Any CPU.Build.0 = Release|Any CPU
		{102EB05E-247D-43CB-9CA8-C453C635A079}.Debug|Any CPU.ActiveCfg = Debug|Any CPU
		{102EB05E-247D-43CB-9CA8-C453C635A079}.Debug|Any CPU.Build.0 = Debug|Any CPU
		{102EB05E-247D-43CB-9CA8-C453C635A079}.Release|Any CPU.ActiveCfg = Release|Any CPU
		{102EB05E-247D-43CB-9CA8-C453C635A079}.Release|Any CPU.Build.0 = Release|Any CPU
		{C3C239B0-2449-44D1-B1FA-FCA118C1D9A8}.Debug|Any CPU.ActiveCfg = Debug|Any CPU
		{C3C239B0-2449-44D1-B1FA-FCA118C1D9A8}.Debug|Any CPU.Build.0 = Debug|Any CPU
		{C3C239B0-2449-44D1-B1FA-FCA118C1D9A8}.Release|Any CPU.ActiveCfg = Release|Any CPU
		{C3C239B0-2449-44D1-B1FA-FCA118C1D9A8}.Release|Any CPU.Build.0 = Release|Any CPU
		{42A73FE0-7F65-4F5B-A45A-D0292C611FE9}.Debug|Any CPU.ActiveCfg = Debug|Any CPU
		{42A73FE0-7F65-4F5B-A45A-D0292C611FE9}.Debug|Any CPU.Build.0 = Debug|Any CPU
		{42A73FE0-7F65-4F5B-A45A-D0292C611FE9}.Release|Any CPU.ActiveCfg = Release|Any CPU
		{42A73FE0-7F65-4F5B-A45A-D0292C611FE9}.Release|Any CPU.Build.0 = Release|Any CPU
		{E6A09D91-B594-433B-9953-22987E233BB7}.Debug|Any CPU.ActiveCfg = Debug|Any CPU
		{E6A09D91-B594-433B-9953-22987E233BB7}.Debug|Any CPU.Build.0 = Debug|Any CPU
		{E6A09D91-B594-433B-9953-22987E233BB7}.Release|Any CPU.ActiveCfg = Release|Any CPU
		{E6A09D91-B594-433B-9953-22987E233BB7}.Release|Any CPU.Build.0 = Release|Any CPU
		{35D88D2E-A5F8-4A1F-A4AD-268F8B8A9B35}.Debug|Any CPU.ActiveCfg = Debug|Any CPU
		{35D88D2E-A5F8-4A1F-A4AD-268F8B8A9B35}.Debug|Any CPU.Build.0 = Debug|Any CPU
		{35D88D2E-A5F8-4A1F-A4AD-268F8B8A9B35}.Release|Any CPU.ActiveCfg = Release|Any CPU
		{35D88D2E-A5F8-4A1F-A4AD-268F8B8A9B35}.Release|Any CPU.Build.0 = Release|Any CPU
		{1AF8A08A-4707-40E0-86F4-F26A7AEBCC8A}.Debug|Any CPU.ActiveCfg = Debug|Any CPU
		{1AF8A08A-4707-40E0-86F4-F26A7AEBCC8A}.Debug|Any CPU.Build.0 = Debug|Any CPU
		{1AF8A08A-4707-40E0-86F4-F26A7AEBCC8A}.Release|Any CPU.ActiveCfg = Release|Any CPU
		{1AF8A08A-4707-40E0-86F4-F26A7AEBCC8A}.Release|Any CPU.Build.0 = Release|Any CPU
		{12FDE1B8-0474-45E3-A8F8-04A9650F4FCF}.Debug|Any CPU.ActiveCfg = Debug|Any CPU
		{12FDE1B8-0474-45E3-A8F8-04A9650F4FCF}.Debug|Any CPU.Build.0 = Debug|Any CPU
		{12FDE1B8-0474-45E3-A8F8-04A9650F4FCF}.Release|Any CPU.ActiveCfg = Release|Any CPU
		{12FDE1B8-0474-45E3-A8F8-04A9650F4FCF}.Release|Any CPU.Build.0 = Release|Any CPU
		{6E89BDF2-34A8-419B-BDCF-60E4F904631D}.Debug|Any CPU.ActiveCfg = Debug|Any CPU
		{6E89BDF2-34A8-419B-BDCF-60E4F904631D}.Debug|Any CPU.Build.0 = Debug|Any CPU
		{6E89BDF2-34A8-419B-BDCF-60E4F904631D}.Release|Any CPU.ActiveCfg = Release|Any CPU
		{6E89BDF2-34A8-419B-BDCF-60E4F904631D}.Release|Any CPU.Build.0 = Release|Any CPU
		{79B75CD8-916B-4C92-BA81-3303F7045900}.Debug|Any CPU.ActiveCfg = Debug|Any CPU
		{79B75CD8-916B-4C92-BA81-3303F7045900}.Debug|Any CPU.Build.0 = Debug|Any CPU
		{79B75CD8-916B-4C92-BA81-3303F7045900}.Release|Any CPU.ActiveCfg = Release|Any CPU
		{79B75CD8-916B-4C92-BA81-3303F7045900}.Release|Any CPU.Build.0 = Release|Any CPU
		{8C281F2E-92F3-4E2A-9A29-062BE126954A}.Debug|Any CPU.ActiveCfg = Debug|Any CPU
		{8C281F2E-92F3-4E2A-9A29-062BE126954A}.Debug|Any CPU.Build.0 = Debug|Any CPU
		{8C281F2E-92F3-4E2A-9A29-062BE126954A}.Release|Any CPU.ActiveCfg = Release|Any CPU
		{8C281F2E-92F3-4E2A-9A29-062BE126954A}.Release|Any CPU.Build.0 = Release|Any CPU
		{13A52D41-F5D0-4E02-83A2-ED86CA5A2866}.Debug|Any CPU.ActiveCfg = Debug|Any CPU
		{13A52D41-F5D0-4E02-83A2-ED86CA5A2866}.Debug|Any CPU.Build.0 = Debug|Any CPU
		{13A52D41-F5D0-4E02-83A2-ED86CA5A2866}.Release|Any CPU.ActiveCfg = Release|Any CPU
		{13A52D41-F5D0-4E02-83A2-ED86CA5A2866}.Release|Any CPU.Build.0 = Release|Any CPU
		{438F2DD3-0231-4A5A-84A6-07D95AD0C66B}.Debug|Any CPU.ActiveCfg = Debug|Any CPU
		{438F2DD3-0231-4A5A-84A6-07D95AD0C66B}.Debug|Any CPU.Build.0 = Debug|Any CPU
		{438F2DD3-0231-4A5A-84A6-07D95AD0C66B}.Release|Any CPU.ActiveCfg = Release|Any CPU
		{438F2DD3-0231-4A5A-84A6-07D95AD0C66B}.Release|Any CPU.Build.0 = Release|Any CPU
		{50870DFD-22EA-4F95-8805-BE8033D988FD}.Debug|Any CPU.ActiveCfg = Debug|Any CPU
		{50870DFD-22EA-4F95-8805-BE8033D988FD}.Debug|Any CPU.Build.0 = Debug|Any CPU
		{50870DFD-22EA-4F95-8805-BE8033D988FD}.Release|Any CPU.ActiveCfg = Release|Any CPU
		{50870DFD-22EA-4F95-8805-BE8033D988FD}.Release|Any CPU.Build.0 = Release|Any CPU
		{A1B31A11-7F99-4357-B3A6-04C998DE6886}.Debug|Any CPU.ActiveCfg = Debug|Any CPU
		{A1B31A11-7F99-4357-B3A6-04C998DE6886}.Debug|Any CPU.Build.0 = Debug|Any CPU
		{A1B31A11-7F99-4357-B3A6-04C998DE6886}.Release|Any CPU.ActiveCfg = Release|Any CPU
		{A1B31A11-7F99-4357-B3A6-04C998DE6886}.Release|Any CPU.Build.0 = Release|Any CPU
		{4AA68C1E-BAB7-4E29-BDBA-12F3BF62F465}.Debug|Any CPU.ActiveCfg = Debug|Any CPU
		{4AA68C1E-BAB7-4E29-BDBA-12F3BF62F465}.Debug|Any CPU.Build.0 = Debug|Any CPU
		{4AA68C1E-BAB7-4E29-BDBA-12F3BF62F465}.Release|Any CPU.ActiveCfg = Release|Any CPU
		{4AA68C1E-BAB7-4E29-BDBA-12F3BF62F465}.Release|Any CPU.Build.0 = Release|Any CPU
		{2BA93EAB-F71B-4AB3-BA81-214AFD2A574B}.Debug|Any CPU.ActiveCfg = Debug|Any CPU
		{2BA93EAB-F71B-4AB3-BA81-214AFD2A574B}.Debug|Any CPU.Build.0 = Debug|Any CPU
		{2BA93EAB-F71B-4AB3-BA81-214AFD2A574B}.Release|Any CPU.ActiveCfg = Release|Any CPU
		{2BA93EAB-F71B-4AB3-BA81-214AFD2A574B}.Release|Any CPU.Build.0 = Release|Any CPU
		{1A68891E-8A07-47CD-B9CA-C3CAAE29E721}.Debug|Any CPU.ActiveCfg = Debug|Any CPU
		{1A68891E-8A07-47CD-B9CA-C3CAAE29E721}.Debug|Any CPU.Build.0 = Debug|Any CPU
		{1A68891E-8A07-47CD-B9CA-C3CAAE29E721}.Release|Any CPU.ActiveCfg = Release|Any CPU
		{1A68891E-8A07-47CD-B9CA-C3CAAE29E721}.Release|Any CPU.Build.0 = Release|Any CPU
		{5C472CC9-C38F-4FFA-A956-69508D4C5213}.Debug|Any CPU.ActiveCfg = Debug|Any CPU
		{5C472CC9-C38F-4FFA-A956-69508D4C5213}.Debug|Any CPU.Build.0 = Debug|Any CPU
		{5C472CC9-C38F-4FFA-A956-69508D4C5213}.Release|Any CPU.ActiveCfg = Release|Any CPU
		{5C472CC9-C38F-4FFA-A956-69508D4C5213}.Release|Any CPU.Build.0 = Release|Any CPU
		{7696ED86-0F73-496A-B835-138363B07F41}.Debug|Any CPU.ActiveCfg = Debug|Any CPU
		{7696ED86-0F73-496A-B835-138363B07F41}.Debug|Any CPU.Build.0 = Debug|Any CPU
		{7696ED86-0F73-496A-B835-138363B07F41}.Release|Any CPU.ActiveCfg = Release|Any CPU
		{7696ED86-0F73-496A-B835-138363B07F41}.Release|Any CPU.Build.0 = Release|Any CPU
		{03840A95-FDBD-4E80-AA92-73BA7DAD6A95}.Debug|Any CPU.ActiveCfg = Debug|Any CPU
		{03840A95-FDBD-4E80-AA92-73BA7DAD6A95}.Debug|Any CPU.Build.0 = Debug|Any CPU
		{03840A95-FDBD-4E80-AA92-73BA7DAD6A95}.Release|Any CPU.ActiveCfg = Release|Any CPU
		{03840A95-FDBD-4E80-AA92-73BA7DAD6A95}.Release|Any CPU.Build.0 = Release|Any CPU
		{0FC2E567-2944-493C-897B-951D7107E2D0}.Debug|Any CPU.ActiveCfg = Debug|Any CPU
		{0FC2E567-2944-493C-897B-951D7107E2D0}.Debug|Any CPU.Build.0 = Debug|Any CPU
		{0FC2E567-2944-493C-897B-951D7107E2D0}.Release|Any CPU.ActiveCfg = Release|Any CPU
		{0FC2E567-2944-493C-897B-951D7107E2D0}.Release|Any CPU.Build.0 = Release|Any CPU
		{EAFAF076-C584-4222-ABD5-6F26AB771AF1}.Debug|Any CPU.ActiveCfg = Debug|Any CPU
		{EAFAF076-C584-4222-ABD5-6F26AB771AF1}.Debug|Any CPU.Build.0 = Debug|Any CPU
		{EAFAF076-C584-4222-ABD5-6F26AB771AF1}.Release|Any CPU.ActiveCfg = Release|Any CPU
		{EAFAF076-C584-4222-ABD5-6F26AB771AF1}.Release|Any CPU.Build.0 = Release|Any CPU
		{816A53B8-4136-492E-A65D-BCACB3B53B27}.Debug|Any CPU.ActiveCfg = Debug|Any CPU
		{816A53B8-4136-492E-A65D-BCACB3B53B27}.Debug|Any CPU.Build.0 = Debug|Any CPU
		{816A53B8-4136-492E-A65D-BCACB3B53B27}.Release|Any CPU.ActiveCfg = Release|Any CPU
		{816A53B8-4136-492E-A65D-BCACB3B53B27}.Release|Any CPU.Build.0 = Release|Any CPU
		{7833F886-4ADE-42A6-B9A7-97D689AC4DB4}.Debug|Any CPU.ActiveCfg = Debug|Any CPU
		{7833F886-4ADE-42A6-B9A7-97D689AC4DB4}.Debug|Any CPU.Build.0 = Debug|Any CPU
		{7833F886-4ADE-42A6-B9A7-97D689AC4DB4}.Release|Any CPU.ActiveCfg = Release|Any CPU
		{7833F886-4ADE-42A6-B9A7-97D689AC4DB4}.Release|Any CPU.Build.0 = Release|Any CPU
		{D41B2C2F-B56F-48FA-A6CC-BCC46C8BEB5F}.Debug|Any CPU.ActiveCfg = Debug|Any CPU
		{D41B2C2F-B56F-48FA-A6CC-BCC46C8BEB5F}.Debug|Any CPU.Build.0 = Debug|Any CPU
		{D41B2C2F-B56F-48FA-A6CC-BCC46C8BEB5F}.Release|Any CPU.ActiveCfg = Release|Any CPU
		{D41B2C2F-B56F-48FA-A6CC-BCC46C8BEB5F}.Release|Any CPU.Build.0 = Release|Any CPU
		{F68E05F5-CC88-4399-A029-26A4DD200BEB}.Debug|Any CPU.ActiveCfg = Debug|Any CPU
		{F68E05F5-CC88-4399-A029-26A4DD200BEB}.Debug|Any CPU.Build.0 = Debug|Any CPU
		{F68E05F5-CC88-4399-A029-26A4DD200BEB}.Release|Any CPU.ActiveCfg = Release|Any CPU
		{F68E05F5-CC88-4399-A029-26A4DD200BEB}.Release|Any CPU.Build.0 = Release|Any CPU
		{A818570F-7694-4706-9870-DA7AA4C31414}.Debug|Any CPU.ActiveCfg = Debug|Any CPU
		{A818570F-7694-4706-9870-DA7AA4C31414}.Debug|Any CPU.Build.0 = Debug|Any CPU
		{A818570F-7694-4706-9870-DA7AA4C31414}.Release|Any CPU.ActiveCfg = Release|Any CPU
		{A818570F-7694-4706-9870-DA7AA4C31414}.Release|Any CPU.Build.0 = Release|Any CPU
		{E36DE239-1E94-46F0-8DCA-82AE9A2F28A2}.Debug|Any CPU.ActiveCfg = Debug|Any CPU
		{E36DE239-1E94-46F0-8DCA-82AE9A2F28A2}.Debug|Any CPU.Build.0 = Debug|Any CPU
		{E36DE239-1E94-46F0-8DCA-82AE9A2F28A2}.Release|Any CPU.ActiveCfg = Release|Any CPU
		{E36DE239-1E94-46F0-8DCA-82AE9A2F28A2}.Release|Any CPU.Build.0 = Release|Any CPU
		{B95C3FD3-0FB6-4DAC-A3A8-7E084E336844}.Debug|Any CPU.ActiveCfg = Debug|Any CPU
		{B95C3FD3-0FB6-4DAC-A3A8-7E084E336844}.Debug|Any CPU.Build.0 = Debug|Any CPU
		{B95C3FD3-0FB6-4DAC-A3A8-7E084E336844}.Release|Any CPU.ActiveCfg = Release|Any CPU
		{B95C3FD3-0FB6-4DAC-A3A8-7E084E336844}.Release|Any CPU.Build.0 = Release|Any CPU
		{08BD37D3-6238-43B6-9B21-A364CAC7ECD7}.Debug|Any CPU.ActiveCfg = Debug|Any CPU
		{08BD37D3-6238-43B6-9B21-A364CAC7ECD7}.Debug|Any CPU.Build.0 = Debug|Any CPU
		{08BD37D3-6238-43B6-9B21-A364CAC7ECD7}.Release|Any CPU.ActiveCfg = Release|Any CPU
		{08BD37D3-6238-43B6-9B21-A364CAC7ECD7}.Release|Any CPU.Build.0 = Release|Any CPU
		{340D6E7F-8197-4DA8-A4F1-42C6E5C0F543}.Debug|Any CPU.ActiveCfg = Debug|Any CPU
		{340D6E7F-8197-4DA8-A4F1-42C6E5C0F543}.Debug|Any CPU.Build.0 = Debug|Any CPU
		{340D6E7F-8197-4DA8-A4F1-42C6E5C0F543}.Release|Any CPU.ActiveCfg = Release|Any CPU
		{340D6E7F-8197-4DA8-A4F1-42C6E5C0F543}.Release|Any CPU.Build.0 = Release|Any CPU
		{62D3AB1D-A0FE-434E-884A-890D868FA5FB}.Debug|Any CPU.ActiveCfg = Debug|Any CPU
		{62D3AB1D-A0FE-434E-884A-890D868FA5FB}.Debug|Any CPU.Build.0 = Debug|Any CPU
		{62D3AB1D-A0FE-434E-884A-890D868FA5FB}.Release|Any CPU.ActiveCfg = Release|Any CPU
		{62D3AB1D-A0FE-434E-884A-890D868FA5FB}.Release|Any CPU.Build.0 = Release|Any CPU
	EndGlobalSection
	GlobalSection(SolutionProperties) = preSolution
		HideSolutionNode = FALSE
	EndGlobalSection
EndGlobal
